{
  "name": "NhlFantasyLeague.api",
  "lockfileVersion": 3,
  "requires": true,
  "packages": {
    "": {
      "dependencies": {
        "@fontsource-variable/oxanium": "^5.3.0",
        "@fontsource/rajdhani": "^5.3.0",
        "react-country-flag": "^3.1.0"
      }
    },
    "node_modules/@fontsource-variable/oxanium": {
      "version": "5.3.0",
      "resolved": "https://registry.npmjs.org/@fontsource-variable/oxanium/-/oxanium-5.3.0.tgz",
      "integrity": "sha512-oVOH5mHRMDLQsxG6h2XAOCxyD+uQL2w5zAjy1FgnAlqt183JDVGPxy9FWK7dDnhEO8huXfP6V2C3QJUj1Ac/Sw==",
      "funding": {
        "url": "https://github.com/sponsors/ayuhito"
      }
    },
    "node_modules/@fontsource/rajdhani": {
      "version": "5.3.0",
      "resolved": "https://registry.npmjs.org/@fontsource/rajdhani/-/rajdhani-5.3.0.tgz",
      "integrity": "sha512-oBJgSIibWJvVBKseme1JczqPLoDHN97LHti4uh0LjfcJqQoVmnQQlRKIpEjTJV559rmVQ6qbVZZwKwk2wkBTtw==",
      "funding": {
        "url": "https://github.com/sponsors/ayuhito"
      }
    },
    "node_modules/react": {
      "version": "19.3.0",
      "resolved": "https://registry.npmjs.org/react/-/react-19.3.0.tgz",
      "integrity": "sha512-E8LUcbtBWt20bbl2YoHfx4ZDBdxVTfOKtCZn9cDSJ4l6/nuoApcpIBcj47t2wZoVX8g2ZHuMHbiShgCR1T5Sog==",
      "peer": true,
      "engines": {
        "node": ">=0.10.0"
      }
    },
    "node_modules/react-country-flag": {
      "version": "3.1.0",
      "resolved": "https://registry.npmjs.org/react-country-flag/-/react-country-flag-3.1.0.tgz",
      "integrity": "sha512-JWQFw1efdv9sTC+TGQvTKXQg1NKbDU2mBiAiRWcKM9F1sK+/zjhP2yGmm8YDddWyZdXVkR8Md47rPMJmo4YO5g==",
      "engines": {
        "node": ">=12"
      },
      "peerDependencies": {
        "react": ">=16"
      }
    }
  }
}
